
Microsoft Visual Studio Solution File, Format Version 12.00
# Visual Studio Version 16
VisualStudioVersion = 16.0.31004.235
MinimumVisualStudioVersion = 10.0.40219.1
Project("{FAE04EC0-301F-11D3-BF4B-00C04F79EFBC}") = "AspNetCore.Mvc.TagHelpers.X.PagedList", "src\AspNetCore.Mvc.TagHelpers.X.PagedList\AspNetCore.Mvc.TagHelpers.X.PagedList.csproj", "{6833CA11-A7A7-4270-9041-AFE646EDADDE}"
EndProject
Project("{9A19103F-16F7-4668-BE54-9A1E7A4F7556}") = "Data.Paging.X.PagedList.AspNetCore.Mvc", "..\Data\src\Data.Paging.X.PagedList.AspNetCore.Mvc\Data.Paging.X.PagedList.AspNetCore.Mvc.csproj", "{FE7800E9-A1E7-4E2A-B951-E169652FEBEB}"
EndProject
Global
	GlobalSection(SolutionConfigurationPlatforms) = preSolution
		Debug|Any CPU = Debug|Any CPU
		Release|Any CPU = Release|Any CPU
	EndGlobalSection
	GlobalSection(ProjectConfigurationPlatforms) = postSolution
		{6833CA11-A7A7-4270-9041-AFE646EDADDE}.Debug|Any CPU.ActiveCfg = Debug|Any CPU
		{6833CA11-A7A7-4270-9041-AFE646EDADDE}.Debug|Any CPU.Build.0 = Debug|Any CPU
		{6833CA11-A7A7-4270-9041-AFE646EDADDE}.Release|Any CPU.ActiveCfg = Release|Any CPU
		{6833CA11-A7A7-4270-9041-AFE646EDADDE}.Release|Any CPU.Build.0 = Release|Any CPU
		{FE7800E9-A1E7-4E2A-B951-E169652FEBEB}.Debug|Any CPU.ActiveCfg = Debug|Any CPU
		{FE7800E9-A1E7-4E2A-B951-E169652FEBEB}.Debug|Any CPU.Build.0 = Debug|Any CPU
		{FE7800E9-A1E7-4E2A-B951-E169652FEBEB}.Release|Any CPU.ActiveCfg = Release|Any CPU
		{FE7800E9-A1E7-4E2A-B951-E169652FEBEB}.Release|Any CPU.Build.0 = Release|Any CPU
	EndGlobalSection
	GlobalSection(SolutionProperties) = preSolution
		HideSolutionNode = FALSE
	EndGlobalSection
	GlobalSection(ExtensibilityGlobals) = postSolution
		SolutionGuid = {CD7206E4-3572-449C-8C63-F62AB148C12F}
	EndGlobalSection
EndGlobal
