
Microsoft Visual Studio Solution File, Format Version 12.00
# Visual Studio Version 16
VisualStudioVersion = 16.0.31004.235
MinimumVisualStudioVersion = 10.0.40219.1
Project("{9A19103F-16F7-4668-BE54-9A1E7A4F7556}") = "AspNetCore.Mvc.TagHelpers.X.PagedList", "src\AspNetCore.Mvc.TagHelpers.X.PagedList\AspNetCore.Mvc.TagHelpers.X.PagedList.csproj", "{6833CA11-A7A7-4270-9041-AFE646EDADDE}"
EndProject
Project("{2150E333-8FDC-42A3-9474-1A3956D46DE8}") = "Test", "Test", "{BC75D3F5-C803-4FFD-BF6F-DA980BF17547}"
EndProject
Project("{9A19103F-16F7-4668-BE54-9A1E7A4F7556}") = "AspNetCore.Mvc.TagHelpers.X.PagedList.Tests", "test\AspNetCore.Mvc.TagHelpers.X.PagedList.Tests\AspNetCore.Mvc.TagHelpers.X.PagedList.Tests.csproj", "{656D9ABF-1AEE-45D7-9991-E0F8CE74BF82}"
EndProject
Project("{9A19103F-16F7-4668-BE54-9A1E7A4F7556}") = "AspNetCore.Mvc.X.PagedList.Example", "src\AspNetCore.Mvc.X.PagedList.Example\AspNetCore.Mvc.X.PagedList.Example.csproj", "{FCEDA301-D27A-4FA3-B97E-8B21D8F6F518}"
EndProject
Global
	GlobalSection(SolutionConfigurationPlatforms) = preSolution
		Debug|Any CPU = Debug|Any CPU
		Release|Any CPU = Release|Any CPU
	EndGlobalSection
	GlobalSection(ProjectConfigurationPlatforms) = postSolution
		{6833CA11-A7A7-4270-9041-AFE646EDADDE}.Debug|Any CPU.ActiveCfg = Debug|Any CPU
		{6833CA11-A7A7-4270-9041-AFE646EDADDE}.Debug|Any CPU.Build.0 = Debug|Any CPU
		{6833CA11-A7A7-4270-9041-AFE646EDADDE}.Release|Any CPU.ActiveCfg = Release|Any CPU
		{6833CA11-A7A7-4270-9041-AFE646EDADDE}.Release|Any CPU.Build.0 = Release|Any CPU
		{656D9ABF-1AEE-45D7-9991-E0F8CE74BF82}.Debug|Any CPU.ActiveCfg = Debug|Any CPU
		{656D9ABF-1AEE-45D7-9991-E0F8CE74BF82}.Debug|Any CPU.Build.0 = Debug|Any CPU
		{656D9ABF-1AEE-45D7-9991-E0F8CE74BF82}.Release|Any CPU.ActiveCfg = Release|Any CPU
		{656D9ABF-1AEE-45D7-9991-E0F8CE74BF82}.Release|Any CPU.Build.0 = Release|Any CPU
		{FCEDA301-D27A-4FA3-B97E-8B21D8F6F518}.Debug|Any CPU.ActiveCfg = Debug|Any CPU
		{FCEDA301-D27A-4FA3-B97E-8B21D8F6F518}.Debug|Any CPU.Build.0 = Debug|Any CPU
		{FCEDA301-D27A-4FA3-B97E-8B21D8F6F518}.Release|Any CPU.ActiveCfg = Release|Any CPU
		{FCEDA301-D27A-4FA3-B97E-8B21D8F6F518}.Release|Any CPU.Build.0 = Release|Any CPU
	EndGlobalSection
	GlobalSection(SolutionProperties) = preSolution
		HideSolutionNode = FALSE
	EndGlobalSection
	GlobalSection(NestedProjects) = preSolution
		{656D9ABF-1AEE-45D7-9991-E0F8CE74BF82} = {BC75D3F5-C803-4FFD-BF6F-DA980BF17547}
	EndGlobalSection
	GlobalSection(ExtensibilityGlobals) = postSolution
		SolutionGuid = {CD7206E4-3572-449C-8C63-F62AB148C12F}
	EndGlobalSection
EndGlobal
